// !$*UTF8*$!
{
	archiveVersion = 1;
	classes = {
	};
	objectVersion = 56;
	objects = {

/* Begin PBXBuildFile section */
		710FE18E2BE838F400829ACB /* SpinnerView.swift in Sources */ = {isa = PBXBuildFile; fileRef = 710FE18D2BE838F400829ACB /* SpinnerView.swift */; };
		71135CF22C4F0B5200D1DF29 /* StartActions.swift in Sources */ = {isa = PBXBuildFile; fileRef = 71135CF12C4F0B5200D1DF29 /* StartActions.swift */; };
		71135CF42C4F0BB200D1DF29 /* StartViewScreen.swift in Sources */ = {isa = PBXBuildFile; fileRef = 71135CF32C4F0BB200D1DF29 /* StartViewScreen.swift */; };
		71135CF62C4F0BB800D1DF29 /* StartView.swift in Sources */ = {isa = PBXBuildFile; fileRef = 71135CF52C4F0BB800D1DF29 /* StartView.swift */; };
		71135CF82C4F0BC000D1DF29 /* StartViewModel.swift in Sources */ = {isa = PBXBuildFile; fileRef = 71135CF72C4F0BC000D1DF29 /* StartViewModel.swift */; };
		71135CFA2C4FC4A200D1DF29 /* AdvancedSettingsView.swift in Sources */ = {isa = PBXBuildFile; fileRef = 71135CF92C4FC4A200D1DF29 /* AdvancedSettingsView.swift */; };
		7115AB732C43D09100DE045E /* AthleteView.swift in Sources */ = {isa = PBXBuildFile; fileRef = 7115AB722C43D09100DE045E /* AthleteView.swift */; };
		7115AB752C43D0E800DE045E /* AthleteViewModel.swift in Sources */ = {isa = PBXBuildFile; fileRef = 7115AB742C43D0E800DE045E /* AthleteViewModel.swift */; };
		711BD1DA2BF4DF81004FEA88 /* LogoShape.swift in Sources */ = {isa = PBXBuildFile; fileRef = 711BD1D92BF4DF81004FEA88 /* LogoShape.swift */; };
		712044AB2C1B2CE700818D2B /* ResultModel.swift in Sources */ = {isa = PBXBuildFile; fileRef = 712044AA2C1B2CE700818D2B /* ResultModel.swift */; };
		712044AD2C1B2DD600818D2B /* DisqualificationModel.swift in Sources */ = {isa = PBXBuildFile; fileRef = 712044AC2C1B2DD500818D2B /* DisqualificationModel.swift */; };
		7127CCB52C9E31AA006732DF /* NotificationUserActions.swift in Sources */ = {isa = PBXBuildFile; fileRef = 7127CCB42C9E31AA006732DF /* NotificationUserActions.swift */; };
		7127CCB72C9E32C3006732DF /* NotificationUserModel.swift in Sources */ = {isa = PBXBuildFile; fileRef = 7127CCB62C9E32C3006732DF /* NotificationUserModel.swift */; };
		712FF5C52C14BA95008CE2C0 /* LiveBarView.swift in Sources */ = {isa = PBXBuildFile; fileRef = 712FF5C42C14BA95008CE2C0 /* LiveBarView.swift */; };
		712FF5C82C14BBDF008CE2C0 /* LiveBarViewModel.swift in Sources */ = {isa = PBXBuildFile; fileRef = 712FF5C72C14BBDF008CE2C0 /* LiveBarViewModel.swift */; };
		712FF5CA2C14BEDA008CE2C0 /* HeatActions.swift in Sources */ = {isa = PBXBuildFile; fileRef = 712FF5C92C14BEDA008CE2C0 /* HeatActions.swift */; };
		7133FA482C425C3100EF9403 /* UserScreenView.swift in Sources */ = {isa = PBXBuildFile; fileRef = 7133FA472C425C3100EF9403 /* UserScreenView.swift */; };
		7133FA4A2C425C3C00EF9403 /* UserView.swift in Sources */ = {isa = PBXBuildFile; fileRef = 7133FA492C425C3C00EF9403 /* UserView.swift */; };
		713816C72BFA97A800E56214 /* LiveView.swift in Sources */ = {isa = PBXBuildFile; fileRef = 713816C62BFA97A800E56214 /* LiveView.swift */; };
		713AF77D2CB3D805003483F9 /* TestLoginView.swift in Sources */ = {isa = PBXBuildFile; fileRef = 713AF77C2CB3D805003483F9 /* TestLoginView.swift */; };
		713AF7802CB3E0AC003483F9 /* AppAuth in Frameworks */ = {isa = PBXBuildFile; productRef = 713AF77F2CB3E0AC003483F9 /* AppAuth */; };
		713AF7822CB3E0AC003483F9 /* AppAuthCore in Frameworks */ = {isa = PBXBuildFile; productRef = 713AF7812CB3E0AC003483F9 /* AppAuthCore */; };
		7180182D2BF7BEB7005D817A /* BottomSheetHelper.swift in Sources */ = {isa = PBXBuildFile; fileRef = 7180182C2BF7BEB7005D817A /* BottomSheetHelper.swift */; };
		7183AC442C70F38500926A95 /* NotificationSettingsView.swift in Sources */ = {isa = PBXBuildFile; fileRef = 7183AC432C70F38500926A95 /* NotificationSettingsView.swift */; };
		7183AC462C70F9DE00926A95 /* testNotification.apns in Resources */ = {isa = PBXBuildFile; fileRef = 7183AC452C70F9DE00926A95 /* testNotification.apns */; };
		7183AC492C70FDE000926A95 /* CustomAppDelegate.swift in Sources */ = {isa = PBXBuildFile; fileRef = 7183AC482C70FDE000926A95 /* CustomAppDelegate.swift */; };
		7183D26F2BE3D238000E45B4 /* SwimResultsApp.swift in Sources */ = {isa = PBXBuildFile; fileRef = 7183D26E2BE3D238000E45B4 /* SwimResultsApp.swift */; };
		7183D2732BE3D23B000E45B4 /* Assets.xcassets in Resources */ = {isa = PBXBuildFile; fileRef = 7183D2722BE3D23B000E45B4 /* Assets.xcassets */; };
		7183D2762BE3D23B000E45B4 /* Preview Assets.xcassets in Resources */ = {isa = PBXBuildFile; fileRef = 7183D2752BE3D23B000E45B4 /* Preview Assets.xcassets */; };
		7183D2802BE3D23B000E45B4 /* SwimResultsTests.swift in Sources */ = {isa = PBXBuildFile; fileRef = 7183D27F2BE3D23B000E45B4 /* SwimResultsTests.swift */; };
		7183D28A2BE3D23B000E45B4 /* SwimResultsUITests.swift in Sources */ = {isa = PBXBuildFile; fileRef = 7183D2892BE3D23B000E45B4 /* SwimResultsUITests.swift */; };
		7183D28C2BE3D23B000E45B4 /* SwimResultsUITestsLaunchTests.swift in Sources */ = {isa = PBXBuildFile; fileRef = 7183D28B2BE3D23B000E45B4 /* SwimResultsUITestsLaunchTests.swift */; };
		7186576C2C0161F800556C6F /* StartModel.swift in Sources */ = {isa = PBXBuildFile; fileRef = 7186576B2C0161F800556C6F /* StartModel.swift */; };
		7186576E2C0161FF00556C6F /* HeatModel.swift in Sources */ = {isa = PBXBuildFile; fileRef = 7186576D2C0161FF00556C6F /* HeatModel.swift */; };
		719BB6092BE4119000810D37 /* MainView.swift in Sources */ = {isa = PBXBuildFile; fileRef = 719BB6082BE4119000810D37 /* MainView.swift */; };
		719BB61C2BE44A8500810D37 /* EventScreenView.swift in Sources */ = {isa = PBXBuildFile; fileRef = 719BB61B2BE44A8500810D37 /* EventScreenView.swift */; };
		719BB6222BE44AEA00810D37 /* MainTabItemView.swift in Sources */ = {isa = PBXBuildFile; fileRef = 719BB6212BE44AEA00810D37 /* MainTabItemView.swift */; };
		719BB6252BE44DCE00810D37 /* SearchScreenView.swift in Sources */ = {isa = PBXBuildFile; fileRef = 719BB6242BE44DCE00810D37 /* SearchScreenView.swift */; };
		719BB6282BE44EEB00810D37 /* SearchView.swift in Sources */ = {isa = PBXBuildFile; fileRef = 719BB6272BE44EEB00810D37 /* SearchView.swift */; };
		719BB62C2BE455BE00810D37 /* MainMeetingListView.swift in Sources */ = {isa = PBXBuildFile; fileRef = 719BB62B2BE455BE00810D37 /* MainMeetingListView.swift */; };
		719BB62F2BE4F66D00810D37 /* ApiActions.swift in Sources */ = {isa = PBXBuildFile; fileRef = 719BB62E2BE4F66D00810D37 /* ApiActions.swift */; };
		719BB6322BE4F6BA00810D37 /* MeetingActions.swift in Sources */ = {isa = PBXBuildFile; fileRef = 719BB6312BE4F6BA00810D37 /* MeetingActions.swift */; };
		719BB6352BE4F6F300810D37 /* MeetingModel.swift in Sources */ = {isa = PBXBuildFile; fileRef = 719BB6342BE4F6F300810D37 /* MeetingModel.swift */; };
		719BB6372BE4F77B00810D37 /* MainScreenView.swift in Sources */ = {isa = PBXBuildFile; fileRef = 719BB6362BE4F77B00810D37 /* MainScreenView.swift */; };
		719BB63A2BE4F7B500810D37 /* MainViewModel.swift in Sources */ = {isa = PBXBuildFile; fileRef = 719BB6392BE4F7B500810D37 /* MainViewModel.swift */; };
		719BB63C2BE4FACE00810D37 /* MainMeetingListViewModel.swift in Sources */ = {isa = PBXBuildFile; fileRef = 719BB63B2BE4FACE00810D37 /* MainMeetingListViewModel.swift */; };
		719BB63F2BE4FBDC00810D37 /* MeetingListModel.swift in Sources */ = {isa = PBXBuildFile; fileRef = 719BB63E2BE4FBDC00810D37 /* MeetingListModel.swift */; };
		719E759B2BEB785100D40154 /* EventModel.swift in Sources */ = {isa = PBXBuildFile; fileRef = 719E759A2BEB785100D40154 /* EventModel.swift */; };
		719E759D2BEB821200D40154 /* EventActions.swift in Sources */ = {isa = PBXBuildFile; fileRef = 719E759C2BEB821200D40154 /* EventActions.swift */; };
		719E759F2BEB82AF00D40154 /* Services.swift in Sources */ = {isa = PBXBuildFile; fileRef = 719E759E2BEB82AF00D40154 /* Services.swift */; };
		719E75A12BEB831600D40154 /* EventListView.swift in Sources */ = {isa = PBXBuildFile; fileRef = 719E75A02BEB831600D40154 /* EventListView.swift */; };
		719E75A32BEB832100D40154 /* EventListViewModel.swift in Sources */ = {isa = PBXBuildFile; fileRef = 719E75A22BEB832100D40154 /* EventListViewModel.swift */; };
		719E75A52BECE4F200D40154 /* Localizable.xcstrings in Resources */ = {isa = PBXBuildFile; fileRef = 719E75A42BECE4F200D40154 /* Localizable.xcstrings */; };
		719E75A92BECF20600D40154 /* MeetingView.swift in Sources */ = {isa = PBXBuildFile; fileRef = 719E75A82BECF20600D40154 /* MeetingView.swift */; };
		719E75AC2BECF2A700D40154 /* MeetingScreenView.swift in Sources */ = {isa = PBXBuildFile; fileRef = 719E75AB2BECF2A700D40154 /* MeetingScreenView.swift */; };
		71B1F05D2C6EC346007856AD /* StartListEntryViewModel.swift in Sources */ = {isa = PBXBuildFile; fileRef = 71B1F05C2C6EC346007856AD /* StartListEntryViewModel.swift */; };
		71B1F05F2C6F4C75007856AD /* AppIconSettingsView.swift in Sources */ = {isa = PBXBuildFile; fileRef = 71B1F05E2C6F4C75007856AD /* AppIconSettingsView.swift */; };
		71B1F0612C6F5F9C007856AD /* UIApplicationIcon.swift in Sources */ = {isa = PBXBuildFile; fileRef = 71B1F0602C6F5F9C007856AD /* UIApplicationIcon.swift */; };
		71B1F0652C6F8169007856AD /* AppearanceSettingsView.swift in Sources */ = {isa = PBXBuildFile; fileRef = 71B1F0642C6F8169007856AD /* AppearanceSettingsView.swift */; };
		71B1F0672C6F8A69007856AD /* MeetingViewModel.swift in Sources */ = {isa = PBXBuildFile; fileRef = 71B1F0662C6F8A69007856AD /* MeetingViewModel.swift */; };
		71B1F0692C6F8BAB007856AD /* TeamActions.swift in Sources */ = {isa = PBXBuildFile; fileRef = 71B1F0682C6F8BAB007856AD /* TeamActions.swift */; };
		71B1F06B2C6F8EFB007856AD /* LocationModel.swift in Sources */ = {isa = PBXBuildFile; fileRef = 71B1F06A2C6F8EFB007856AD /* LocationModel.swift */; };
		71B1F06E2C6F9034007856AD /* CoreLocation.framework in Frameworks */ = {isa = PBXBuildFile; fileRef = 71B1F06D2C6F9034007856AD /* CoreLocation.framework */; };
		71B1F0702C6FB378007856AD /* MeetingLocationMapView.swift in Sources */ = {isa = PBXBuildFile; fileRef = 71B1F06F2C6FB378007856AD /* MeetingLocationMapView.swift */; };
		71B9721A2C90936A00E1E73C /* AgeGroupModel.swift in Sources */ = {isa = PBXBuildFile; fileRef = 71B972192C90936A00E1E73C /* AgeGroupModel.swift */; };
		71B9721C2C9094BD00E1E73C /* EventStartResultRequestDto.swift in Sources */ = {isa = PBXBuildFile; fileRef = 71B9721B2C9094BD00E1E73C /* EventStartResultRequestDto.swift */; };
		71D6A4CC2BEF85B200862DF7 /* StartListView.swift in Sources */ = {isa = PBXBuildFile; fileRef = 71D6A4CB2BEF85B200862DF7 /* StartListView.swift */; };
		71D6A4CE2BEF85BB00862DF7 /* StartListViewModel.swift in Sources */ = {isa = PBXBuildFile; fileRef = 71D6A4CD2BEF85BB00862DF7 /* StartListViewModel.swift */; };
		71D6A4D02BEF865400862DF7 /* EventView.swift in Sources */ = {isa = PBXBuildFile; fileRef = 71D6A4CF2BEF865400862DF7 /* EventView.swift */; };
		71D6A4D22BEF865F00862DF7 /* EventViewModel.swift in Sources */ = {isa = PBXBuildFile; fileRef = 71D6A4D12BEF865F00862DF7 /* EventViewModel.swift */; };
		71D6A4D42BEF879E00862DF7 /* Color.swift in Sources */ = {isa = PBXBuildFile; fileRef = 71D6A4D32BEF879E00862DF7 /* Color.swift */; };
		71D6A4DA2BF014D900862DF7 /* SettingsScreenView.swift in Sources */ = {isa = PBXBuildFile; fileRef = 71D6A4D92BF014D900862DF7 /* SettingsScreenView.swift */; };
		71D6A4DC2BF014E500862DF7 /* SettingsView.swift in Sources */ = {isa = PBXBuildFile; fileRef = 71D6A4DB2BF014E500862DF7 /* SettingsView.swift */; };
		71E7626C2C74E66000074BDD /* MyMainView.swift in Sources */ = {isa = PBXBuildFile; fileRef = 71E7626B2C74E66000074BDD /* MyMainView.swift */; };
		71F669982C432BC60018073A /* AthleteActions.swift in Sources */ = {isa = PBXBuildFile; fileRef = 71F669972C432BC60018073A /* AthleteActions.swift */; };
		71F6699A2C432BD30018073A /* AthleteModel.swift in Sources */ = {isa = PBXBuildFile; fileRef = 71F669992C432BD30018073A /* AthleteModel.swift */; };
		71F6699C2C432BD90018073A /* TeamModel.swift in Sources */ = {isa = PBXBuildFile; fileRef = 71F6699B2C432BD90018073A /* TeamModel.swift */; };
		71F6699F2C432DD90018073A /* SearchViewModel.swift in Sources */ = {isa = PBXBuildFile; fileRef = 71F6699E2C432DD90018073A /* SearchViewModel.swift */; };
		71F8647F2C52881200E51CDF /* StartListEntryView.swift in Sources */ = {isa = PBXBuildFile; fileRef = 71F8647E2C52881200E51CDF /* StartListEntryView.swift */; };
		71F864812C52888D00E51CDF /* StartListConfig.swift in Sources */ = {isa = PBXBuildFile; fileRef = 71F864802C52888C00E51CDF /* StartListConfig.swift */; };
		71F864832C559F1D00E51CDF /* EventListInfoModel.swift in Sources */ = {isa = PBXBuildFile; fileRef = 71F864822C559F1D00E51CDF /* EventListInfoModel.swift */; };
/* End PBXBuildFile section */

/* Begin PBXContainerItemProxy section */
		7183D27C2BE3D23B000E45B4 /* PBXContainerItemProxy */ = {
			isa = PBXContainerItemProxy;
			containerPortal = 7183D2632BE3D238000E45B4 /* Project object */;
			proxyType = 1;
			remoteGlobalIDString = 7183D26A2BE3D238000E45B4;
			remoteInfo = SwimResults;
		};
		7183D2862BE3D23B000E45B4 /* PBXContainerItemProxy */ = {
			isa = PBXContainerItemProxy;
			containerPortal = 7183D2632BE3D238000E45B4 /* Project object */;
			proxyType = 1;
			remoteGlobalIDString = 7183D26A2BE3D238000E45B4;
			remoteInfo = SwimResults;
		};
/* End PBXContainerItemProxy section */

/* Begin PBXFileReference section */
		710FE18D2BE838F400829ACB /* SpinnerView.swift */ = {isa = PBXFileReference; lastKnownFileType = sourcecode.swift; path = SpinnerView.swift; sourceTree = "<group>"; };
		71135CF12C4F0B5200D1DF29 /* StartActions.swift */ = {isa = PBXFileReference; lastKnownFileType = sourcecode.swift; path = StartActions.swift; sourceTree = "<group>"; };
		71135CF32C4F0BB200D1DF29 /* StartViewScreen.swift */ = {isa = PBXFileReference; lastKnownFileType = sourcecode.swift; path = StartViewScreen.swift; sourceTree = "<group>"; };
		71135CF52C4F0BB800D1DF29 /* StartView.swift */ = {isa = PBXFileReference; lastKnownFileType = sourcecode.swift; path = StartView.swift; sourceTree = "<group>"; };
		71135CF72C4F0BC000D1DF29 /* StartViewModel.swift */ = {isa = PBXFileReference; lastKnownFileType = sourcecode.swift; path = StartViewModel.swift; sourceTree = "<group>"; };
		71135CF92C4FC4A200D1DF29 /* AdvancedSettingsView.swift */ = {isa = PBXFileReference; lastKnownFileType = sourcecode.swift; path = AdvancedSettingsView.swift; sourceTree = "<group>"; };
		7115AB722C43D09100DE045E /* AthleteView.swift */ = {isa = PBXFileReference; lastKnownFileType = sourcecode.swift; path = AthleteView.swift; sourceTree = "<group>"; };
		7115AB742C43D0E800DE045E /* AthleteViewModel.swift */ = {isa = PBXFileReference; lastKnownFileType = sourcecode.swift; path = AthleteViewModel.swift; sourceTree = "<group>"; };
		711BD1D92BF4DF81004FEA88 /* LogoShape.swift */ = {isa = PBXFileReference; lastKnownFileType = sourcecode.swift; path = LogoShape.swift; sourceTree = "<group>"; };
		712044AA2C1B2CE700818D2B /* ResultModel.swift */ = {isa = PBXFileReference; lastKnownFileType = sourcecode.swift; path = ResultModel.swift; sourceTree = "<group>"; };
		712044AC2C1B2DD500818D2B /* DisqualificationModel.swift */ = {isa = PBXFileReference; lastKnownFileType = sourcecode.swift; path = DisqualificationModel.swift; sourceTree = "<group>"; };
		7127CCB42C9E31AA006732DF /* NotificationUserActions.swift */ = {isa = PBXFileReference; lastKnownFileType = sourcecode.swift; path = NotificationUserActions.swift; sourceTree = "<group>"; };
		7127CCB62C9E32C3006732DF /* NotificationUserModel.swift */ = {isa = PBXFileReference; lastKnownFileType = sourcecode.swift; path = NotificationUserModel.swift; sourceTree = "<group>"; };
		712FF5C42C14BA95008CE2C0 /* LiveBarView.swift */ = {isa = PBXFileReference; lastKnownFileType = sourcecode.swift; path = LiveBarView.swift; sourceTree = "<group>"; };
		712FF5C72C14BBDF008CE2C0 /* LiveBarViewModel.swift */ = {isa = PBXFileReference; lastKnownFileType = sourcecode.swift; path = LiveBarViewModel.swift; sourceTree = "<group>"; };
		712FF5C92C14BEDA008CE2C0 /* HeatActions.swift */ = {isa = PBXFileReference; lastKnownFileType = sourcecode.swift; path = HeatActions.swift; sourceTree = "<group>"; };
		7133FA472C425C3100EF9403 /* UserScreenView.swift */ = {isa = PBXFileReference; lastKnownFileType = sourcecode.swift; path = UserScreenView.swift; sourceTree = "<group>"; };
		7133FA492C425C3C00EF9403 /* UserView.swift */ = {isa = PBXFileReference; lastKnownFileType = sourcecode.swift; path = UserView.swift; sourceTree = "<group>"; };
		713816C62BFA97A800E56214 /* LiveView.swift */ = {isa = PBXFileReference; lastKnownFileType = sourcecode.swift; path = LiveView.swift; sourceTree = "<group>"; };
		713AF77C2CB3D805003483F9 /* TestLoginView.swift */ = {isa = PBXFileReference; lastKnownFileType = sourcecode.swift; path = TestLoginView.swift; sourceTree = "<group>"; };
		7180182C2BF7BEB7005D817A /* BottomSheetHelper.swift */ = {isa = PBXFileReference; lastKnownFileType = sourcecode.swift; path = BottomSheetHelper.swift; sourceTree = "<group>"; };
		7183AC432C70F38500926A95 /* NotificationSettingsView.swift */ = {isa = PBXFileReference; lastKnownFileType = sourcecode.swift; path = NotificationSettingsView.swift; sourceTree = "<group>"; };
		7183AC452C70F9DE00926A95 /* testNotification.apns */ = {isa = PBXFileReference; lastKnownFileType = text; path = testNotification.apns; sourceTree = "<group>"; };
		7183AC472C70FD6B00926A95 /* SwimResults.entitlements */ = {isa = PBXFileReference; lastKnownFileType = text.plist.entitlements; path = SwimResults.entitlements; sourceTree = "<group>"; };
		7183AC482C70FDE000926A95 /* CustomAppDelegate.swift */ = {isa = PBXFileReference; lastKnownFileType = sourcecode.swift; path = CustomAppDelegate.swift; sourceTree = "<group>"; };
		7183D26B2BE3D238000E45B4 /* SwimResults.app */ = {isa = PBXFileReference; explicitFileType = wrapper.application; includeInIndex = 0; path = SwimResults.app; sourceTree = BUILT_PRODUCTS_DIR; };
		7183D26E2BE3D238000E45B4 /* SwimResultsApp.swift */ = {isa = PBXFileReference; lastKnownFileType = sourcecode.swift; path = SwimResultsApp.swift; sourceTree = "<group>"; };
		7183D2722BE3D23B000E45B4 /* Assets.xcassets */ = {isa = PBXFileReference; lastKnownFileType = folder.assetcatalog; path = Assets.xcassets; sourceTree = "<group>"; };
		7183D2752BE3D23B000E45B4 /* Preview Assets.xcassets */ = {isa = PBXFileReference; lastKnownFileType = folder.assetcatalog; path = "Preview Assets.xcassets"; sourceTree = "<group>"; };
		7183D27B2BE3D23B000E45B4 /* SwimResultsTests.xctest */ = {isa = PBXFileReference; explicitFileType = wrapper.cfbundle; includeInIndex = 0; path = SwimResultsTests.xctest; sourceTree = BUILT_PRODUCTS_DIR; };
		7183D27F2BE3D23B000E45B4 /* SwimResultsTests.swift */ = {isa = PBXFileReference; lastKnownFileType = sourcecode.swift; path = SwimResultsTests.swift; sourceTree = "<group>"; };
		7183D2852BE3D23B000E45B4 /* SwimResultsUITests.xctest */ = {isa = PBXFileReference; explicitFileType = wrapper.cfbundle; includeInIndex = 0; path = SwimResultsUITests.xctest; sourceTree = BUILT_PRODUCTS_DIR; };
		7183D2892BE3D23B000E45B4 /* SwimResultsUITests.swift */ = {isa = PBXFileReference; lastKnownFileType = sourcecode.swift; path = SwimResultsUITests.swift; sourceTree = "<group>"; };
		7183D28B2BE3D23B000E45B4 /* SwimResultsUITestsLaunchTests.swift */ = {isa = PBXFileReference; lastKnownFileType = sourcecode.swift; path = SwimResultsUITestsLaunchTests.swift; sourceTree = "<group>"; };
		7186576B2C0161F800556C6F /* StartModel.swift */ = {isa = PBXFileReference; lastKnownFileType = sourcecode.swift; path = StartModel.swift; sourceTree = "<group>"; };
		7186576D2C0161FF00556C6F /* HeatModel.swift */ = {isa = PBXFileReference; lastKnownFileType = sourcecode.swift; path = HeatModel.swift; sourceTree = "<group>"; };
		719BB6082BE4119000810D37 /* MainView.swift */ = {isa = PBXFileReference; lastKnownFileType = sourcecode.swift; path = MainView.swift; sourceTree = "<group>"; };
		719BB61B2BE44A8500810D37 /* EventScreenView.swift */ = {isa = PBXFileReference; lastKnownFileType = sourcecode.swift; path = EventScreenView.swift; sourceTree = "<group>"; };
		719BB6212BE44AEA00810D37 /* MainTabItemView.swift */ = {isa = PBXFileReference; lastKnownFileType = sourcecode.swift; path = MainTabItemView.swift; sourceTree = "<group>"; };
		719BB6242BE44DCE00810D37 /* SearchScreenView.swift */ = {isa = PBXFileReference; lastKnownFileType = sourcecode.swift; path = SearchScreenView.swift; sourceTree = "<group>"; };
		719BB6272BE44EEB00810D37 /* SearchView.swift */ = {isa = PBXFileReference; lastKnownFileType = sourcecode.swift; path = SearchView.swift; sourceTree = "<group>"; };
		719BB62B2BE455BE00810D37 /* MainMeetingListView.swift */ = {isa = PBXFileReference; lastKnownFileType = sourcecode.swift; path = MainMeetingListView.swift; sourceTree = "<group>"; };
		719BB62E2BE4F66D00810D37 /* ApiActions.swift */ = {isa = PBXFileReference; lastKnownFileType = sourcecode.swift; path = ApiActions.swift; sourceTree = "<group>"; };
		719BB6312BE4F6BA00810D37 /* MeetingActions.swift */ = {isa = PBXFileReference; lastKnownFileType = sourcecode.swift; path = MeetingActions.swift; sourceTree = "<group>"; };
		719BB6342BE4F6F300810D37 /* MeetingModel.swift */ = {isa = PBXFileReference; lastKnownFileType = sourcecode.swift; path = MeetingModel.swift; sourceTree = "<group>"; };
		719BB6362BE4F77B00810D37 /* MainScreenView.swift */ = {isa = PBXFileReference; lastKnownFileType = sourcecode.swift; path = MainScreenView.swift; sourceTree = "<group>"; };
		719BB6392BE4F7B500810D37 /* MainViewModel.swift */ = {isa = PBXFileReference; lastKnownFileType = sourcecode.swift; path = MainViewModel.swift; sourceTree = "<group>"; };
		719BB63B2BE4FACE00810D37 /* MainMeetingListViewModel.swift */ = {isa = PBXFileReference; lastKnownFileType = sourcecode.swift; path = MainMeetingListViewModel.swift; sourceTree = "<group>"; };
		719BB63E2BE4FBDC00810D37 /* MeetingListModel.swift */ = {isa = PBXFileReference; lastKnownFileType = sourcecode.swift; path = MeetingListModel.swift; sourceTree = "<group>"; };
		719E759A2BEB785100D40154 /* EventModel.swift */ = {isa = PBXFileReference; lastKnownFileType = sourcecode.swift; path = EventModel.swift; sourceTree = "<group>"; };
		719E759C2BEB821200D40154 /* EventActions.swift */ = {isa = PBXFileReference; lastKnownFileType = sourcecode.swift; path = EventActions.swift; sourceTree = "<group>"; };
		719E759E2BEB82AF00D40154 /* Services.swift */ = {isa = PBXFileReference; lastKnownFileType = sourcecode.swift; path = Services.swift; sourceTree = "<group>"; };
		719E75A02BEB831600D40154 /* EventListView.swift */ = {isa = PBXFileReference; lastKnownFileType = sourcecode.swift; path = EventListView.swift; sourceTree = "<group>"; };
		719E75A22BEB832100D40154 /* EventListViewModel.swift */ = {isa = PBXFileReference; lastKnownFileType = sourcecode.swift; path = EventListViewModel.swift; sourceTree = "<group>"; };
		719E75A42BECE4F200D40154 /* Localizable.xcstrings */ = {isa = PBXFileReference; lastKnownFileType = text.json.xcstrings; path = Localizable.xcstrings; sourceTree = "<group>"; };
		719E75A82BECF20600D40154 /* MeetingView.swift */ = {isa = PBXFileReference; lastKnownFileType = sourcecode.swift; path = MeetingView.swift; sourceTree = "<group>"; };
		719E75AB2BECF2A700D40154 /* MeetingScreenView.swift */ = {isa = PBXFileReference; lastKnownFileType = sourcecode.swift; path = MeetingScreenView.swift; sourceTree = "<group>"; };
		71B1F05C2C6EC346007856AD /* StartListEntryViewModel.swift */ = {isa = PBXFileReference; lastKnownFileType = sourcecode.swift; path = StartListEntryViewModel.swift; sourceTree = "<group>"; };
		71B1F05E2C6F4C75007856AD /* AppIconSettingsView.swift */ = {isa = PBXFileReference; lastKnownFileType = sourcecode.swift; path = AppIconSettingsView.swift; sourceTree = "<group>"; };
		71B1F0602C6F5F9C007856AD /* UIApplicationIcon.swift */ = {isa = PBXFileReference; lastKnownFileType = sourcecode.swift; path = UIApplicationIcon.swift; sourceTree = "<group>"; };
		71B1F0642C6F8169007856AD /* AppearanceSettingsView.swift */ = {isa = PBXFileReference; lastKnownFileType = sourcecode.swift; path = AppearanceSettingsView.swift; sourceTree = "<group>"; };
		71B1F0662C6F8A69007856AD /* MeetingViewModel.swift */ = {isa = PBXFileReference; lastKnownFileType = sourcecode.swift; path = MeetingViewModel.swift; sourceTree = "<group>"; };
		71B1F0682C6F8BAB007856AD /* TeamActions.swift */ = {isa = PBXFileReference; lastKnownFileType = sourcecode.swift; path = TeamActions.swift; sourceTree = "<group>"; };
		71B1F06A2C6F8EFB007856AD /* LocationModel.swift */ = {isa = PBXFileReference; lastKnownFileType = sourcecode.swift; path = LocationModel.swift; sourceTree = "<group>"; };
		71B1F06D2C6F9034007856AD /* CoreLocation.framework */ = {isa = PBXFileReference; lastKnownFileType = wrapper.framework; name = CoreLocation.framework; path = System/Library/Frameworks/CoreLocation.framework; sourceTree = SDKROOT; };
		71B1F06F2C6FB378007856AD /* MeetingLocationMapView.swift */ = {isa = PBXFileReference; lastKnownFileType = sourcecode.swift; path = MeetingLocationMapView.swift; sourceTree = "<group>"; };
		71B972192C90936A00E1E73C /* AgeGroupModel.swift */ = {isa = PBXFileReference; lastKnownFileType = sourcecode.swift; path = AgeGroupModel.swift; sourceTree = "<group>"; };
		71B9721B2C9094BD00E1E73C /* EventStartResultRequestDto.swift */ = {isa = PBXFileReference; lastKnownFileType = sourcecode.swift; path = EventStartResultRequestDto.swift; sourceTree = "<group>"; };
		71D6A4CB2BEF85B200862DF7 /* StartListView.swift */ = {isa = PBXFileReference; lastKnownFileType = sourcecode.swift; path = StartListView.swift; sourceTree = "<group>"; };
		71D6A4CD2BEF85BB00862DF7 /* StartListViewModel.swift */ = {isa = PBXFileReference; lastKnownFileType = sourcecode.swift; path = StartListViewModel.swift; sourceTree = "<group>"; };
		71D6A4CF2BEF865400862DF7 /* EventView.swift */ = {isa = PBXFileReference; lastKnownFileType = sourcecode.swift; path = EventView.swift; sourceTree = "<group>"; };
		71D6A4D12BEF865F00862DF7 /* EventViewModel.swift */ = {isa = PBXFileReference; lastKnownFileType = sourcecode.swift; path = EventViewModel.swift; sourceTree = "<group>"; };
		71D6A4D32BEF879E00862DF7 /* Color.swift */ = {isa = PBXFileReference; lastKnownFileType = sourcecode.swift; path = Color.swift; sourceTree = "<group>"; };
		71D6A4D92BF014D900862DF7 /* SettingsScreenView.swift */ = {isa = PBXFileReference; lastKnownFileType = sourcecode.swift; path = SettingsScreenView.swift; sourceTree = "<group>"; };
		71D6A4DB2BF014E500862DF7 /* SettingsView.swift */ = {isa = PBXFileReference; lastKnownFileType = sourcecode.swift; path = SettingsView.swift; sourceTree = "<group>"; };
		71E7626B2C74E66000074BDD /* MyMainView.swift */ = {isa = PBXFileReference; lastKnownFileType = sourcecode.swift; path = MyMainView.swift; sourceTree = "<group>"; };
		71F669962C4293110018073A /* Info.plist */ = {isa = PBXFileReference; lastKnownFileType = text.plist; path = Info.plist; sourceTree = "<group>"; };
		71F669972C432BC60018073A /* AthleteActions.swift */ = {isa = PBXFileReference; lastKnownFileType = sourcecode.swift; path = AthleteActions.swift; sourceTree = "<group>"; };
		71F669992C432BD30018073A /* AthleteModel.swift */ = {isa = PBXFileReference; lastKnownFileType = sourcecode.swift; path = AthleteModel.swift; sourceTree = "<group>"; };
		71F6699B2C432BD90018073A /* TeamModel.swift */ = {isa = PBXFileReference; lastKnownFileType = sourcecode.swift; path = TeamModel.swift; sourceTree = "<group>"; };
		71F6699E2C432DD90018073A /* SearchViewModel.swift */ = {isa = PBXFileReference; lastKnownFileType = sourcecode.swift; path = SearchViewModel.swift; sourceTree = "<group>"; };
		71F8647E2C52881200E51CDF /* StartListEntryView.swift */ = {isa = PBXFileReference; lastKnownFileType = sourcecode.swift; path = StartListEntryView.swift; sourceTree = "<group>"; };
		71F864802C52888C00E51CDF /* StartListConfig.swift */ = {isa = PBXFileReference; lastKnownFileType = sourcecode.swift; path = StartListConfig.swift; sourceTree = "<group>"; };
		71F864822C559F1D00E51CDF /* EventListInfoModel.swift */ = {isa = PBXFileReference; lastKnownFileType = sourcecode.swift; path = EventListInfoModel.swift; sourceTree = "<group>"; };
/* End PBXFileReference section */

/* Begin PBXFrameworksBuildPhase section */
		7183D2682BE3D238000E45B4 /* Frameworks */ = {
			isa = PBXFrameworksBuildPhase;
			buildActionMask = 2147483647;
			files = (
				713AF7802CB3E0AC003483F9 /* AppAuth in Frameworks */,
				71B1F06E2C6F9034007856AD /* CoreLocation.framework in Frameworks */,
				713AF7822CB3E0AC003483F9 /* AppAuthCore in Frameworks */,
			);
			runOnlyForDeploymentPostprocessing = 0;
		};
		7183D2782BE3D23B000E45B4 /* Frameworks */ = {
			isa = PBXFrameworksBuildPhase;
			buildActionMask = 2147483647;
			files = (
			);
			runOnlyForDeploymentPostprocessing = 0;
		};
		7183D2822BE3D23B000E45B4 /* Frameworks */ = {
			isa = PBXFrameworksBuildPhase;
			buildActionMask = 2147483647;
			files = (
			);
			runOnlyForDeploymentPostprocessing = 0;
		};
/* End PBXFrameworksBuildPhase section */

/* Begin PBXGroup section */
		710FE18C2BE838E000829ACB /* Views */ = {
			isa = PBXGroup;
			children = (
				710FE18D2BE838F400829ACB /* SpinnerView.swift */,
			);
			path = Views;
			sourceTree = "<group>";
		};
		71135CEB2C4F0ACD00D1DF29 /* Start */ = {
			isa = PBXGroup;
			children = (
				71135CF02C4F0AF000D1DF29 /* Actions */,
				71135CEF2C4F0AED00D1DF29 /* Models */,
				71135CEE2C4F0AE900D1DF29 /* Screens */,
				71135CED2C4F0AE400D1DF29 /* ViewModels */,
				71135CEC2C4F0ADF00D1DF29 /* Views */,
			);
			path = Start;
			sourceTree = "<group>";
		};
		71135CEC2C4F0ADF00D1DF29 /* Views */ = {
			isa = PBXGroup;
			children = (
				71F8647E2C52881200E51CDF /* StartListEntryView.swift */,
				71135CF52C4F0BB800D1DF29 /* StartView.swift */,
				71D6A4CB2BEF85B200862DF7 /* StartListView.swift */,
			);
			path = Views;
			sourceTree = "<group>";
		};
		71135CED2C4F0AE400D1DF29 /* ViewModels */ = {
			isa = PBXGroup;
			children = (
				71B1F05C2C6EC346007856AD /* StartListEntryViewModel.swift */,
				71135CF72C4F0BC000D1DF29 /* StartViewModel.swift */,
				71D6A4CD2BEF85BB00862DF7 /* StartListViewModel.swift */,
			);
			path = ViewModels;
			sourceTree = "<group>";
		};
		71135CEE2C4F0AE900D1DF29 /* Screens */ = {
			isa = PBXGroup;
			children = (
				71135CF32C4F0BB200D1DF29 /* StartViewScreen.swift */,
			);
			path = Screens;
			sourceTree = "<group>";
		};
		71135CEF2C4F0AED00D1DF29 /* Models */ = {
			isa = PBXGroup;
			children = (
				71F864802C52888C00E51CDF /* StartListConfig.swift */,
				71B9721B2C9094BD00E1E73C /* EventStartResultRequestDto.swift */,
			);
			path = Models;
			sourceTree = "<group>";
		};
		71135CF02C4F0AF000D1DF29 /* Actions */ = {
			isa = PBXGroup;
			children = (
			);
			path = Actions;
			sourceTree = "<group>";
		};
		7115AB6C2C43D04A00DE045E /* Athlete */ = {
			isa = PBXGroup;
			children = (
				7115AB702C43D06A00DE045E /* Actions */,
				7115AB6F2C43D06500DE045E /* Models */,
				7115AB712C43D06E00DE045E /* Screens */,
				7115AB6E2C43D05F00DE045E /* ViewModels */,
				7115AB6D2C43D05900DE045E /* Views */,
			);
			path = Athlete;
			sourceTree = "<group>";
		};
		7115AB6D2C43D05900DE045E /* Views */ = {
			isa = PBXGroup;
			children = (
				7115AB722C43D09100DE045E /* AthleteView.swift */,
			);
			path = Views;
			sourceTree = "<group>";
		};
		7115AB6E2C43D05F00DE045E /* ViewModels */ = {
			isa = PBXGroup;
			children = (
				7115AB742C43D0E800DE045E /* AthleteViewModel.swift */,
			);
			path = ViewModels;
			sourceTree = "<group>";
		};
		7115AB6F2C43D06500DE045E /* Models */ = {
			isa = PBXGroup;
			children = (
			);
			path = Models;
			sourceTree = "<group>";
		};
		7115AB702C43D06A00DE045E /* Actions */ = {
			isa = PBXGroup;
			children = (
			);
			path = Actions;
			sourceTree = "<group>";
		};
		7115AB712C43D06E00DE045E /* Screens */ = {
			isa = PBXGroup;
			children = (
			);
			path = Screens;
			sourceTree = "<group>";
		};
		712FF5C62C14BBCE008CE2C0 /* ViewModels */ = {
			isa = PBXGroup;
			children = (
				712FF5C72C14BBDF008CE2C0 /* LiveBarViewModel.swift */,
			);
			path = ViewModels;
			sourceTree = "<group>";
		};
		7133FA422C425BD700EF9403 /* Actions */ = {
			isa = PBXGroup;
			children = (
			);
			path = Actions;
			sourceTree = "<group>";
		};
		7133FA432C425BDE00EF9403 /* Models */ = {
			isa = PBXGroup;
			children = (
			);
			path = Models;
			sourceTree = "<group>";
		};
		7133FA442C425BE500EF9403 /* Views */ = {
			isa = PBXGroup;
			children = (
				7133FA492C425C3C00EF9403 /* UserView.swift */,
			);
			path = Views;
			sourceTree = "<group>";
		};
		7133FA452C425BE800EF9403 /* ViewModels */ = {
			isa = PBXGroup;
			children = (
			);
			path = ViewModels;
			sourceTree = "<group>";
		};
		7133FA462C425BEE00EF9403 /* Screens */ = {
			isa = PBXGroup;
			children = (
				7133FA472C425C3100EF9403 /* UserScreenView.swift */,
			);
			path = Screens;
			sourceTree = "<group>";
		};
		713816C52BFA979500E56214 /* Views */ = {
			isa = PBXGroup;
			children = (
				713816C62BFA97A800E56214 /* LiveView.swift */,
				712FF5C42C14BA95008CE2C0 /* LiveBarView.swift */,
			);
			path = Views;
			sourceTree = "<group>";
		};
		7180182B2BF7BE9F005D817A /* Helpers */ = {
			isa = PBXGroup;
			children = (
				7180182C2BF7BEB7005D817A /* BottomSheetHelper.swift */,
			);
			path = Helpers;
			sourceTree = "<group>";
		};
		7183D2622BE3D238000E45B4 = {
			isa = PBXGroup;
			children = (
				7183D26D2BE3D238000E45B4 /* SwimResults */,
				7183D27E2BE3D23B000E45B4 /* SwimResultsTests */,
				7183D2882BE3D23B000E45B4 /* SwimResultsUITests */,
				7183D26C2BE3D238000E45B4 /* Products */,
				71B1F06C2C6F9034007856AD /* Frameworks */,
			);
			sourceTree = "<group>";
		};
		7183D26C2BE3D238000E45B4 /* Products */ = {
			isa = PBXGroup;
			children = (
				7183D26B2BE3D238000E45B4 /* SwimResults.app */,
				7183D27B2BE3D23B000E45B4 /* SwimResultsTests.xctest */,
				7183D2852BE3D23B000E45B4 /* SwimResultsUITests.xctest */,
			);
			name = Products;
			sourceTree = "<group>";
		};
		7183D26D2BE3D238000E45B4 /* SwimResults */ = {
			isa = PBXGroup;
			children = (
				7183AC472C70FD6B00926A95 /* SwimResults.entitlements */,
				71F669962C4293110018073A /* Info.plist */,
				719BB60F2BE4498500810D37 /* Code */,
				719BB60D2BE4321600810D37 /* Resources */,
				719BB6102BE4499F00810D37 /* Config */,
				7183D2742BE3D23B000E45B4 /* Preview Content */,
				7183D26E2BE3D238000E45B4 /* SwimResultsApp.swift */,
			);
			path = SwimResults;
			sourceTree = "<group>";
		};
		7183D2742BE3D23B000E45B4 /* Preview Content */ = {
			isa = PBXGroup;
			children = (
				7183D2752BE3D23B000E45B4 /* Preview Assets.xcassets */,
			);
			path = "Preview Content";
			sourceTree = "<group>";
		};
		7183D27E2BE3D23B000E45B4 /* SwimResultsTests */ = {
			isa = PBXGroup;
			children = (
				7183D27F2BE3D23B000E45B4 /* SwimResultsTests.swift */,
			);
			path = SwimResultsTests;
			sourceTree = "<group>";
		};
		7183D2882BE3D23B000E45B4 /* SwimResultsUITests */ = {
			isa = PBXGroup;
			children = (
				7183D2892BE3D23B000E45B4 /* SwimResultsUITests.swift */,
				7183D28B2BE3D23B000E45B4 /* SwimResultsUITestsLaunchTests.swift */,
			);
			path = SwimResultsUITests;
			sourceTree = "<group>";
		};
		7186576A2C0161E800556C6F /* Models */ = {
			isa = PBXGroup;
			children = (
				7186576B2C0161F800556C6F /* StartModel.swift */,
				7186576D2C0161FF00556C6F /* HeatModel.swift */,
				712044AA2C1B2CE700818D2B /* ResultModel.swift */,
				712044AC2C1B2DD500818D2B /* DisqualificationModel.swift */,
				71F669992C432BD30018073A /* AthleteModel.swift */,
				71B972192C90936A00E1E73C /* AgeGroupModel.swift */,
				71F6699B2C432BD90018073A /* TeamModel.swift */,
				71B1F06A2C6F8EFB007856AD /* LocationModel.swift */,
				7127CCB62C9E32C3006732DF /* NotificationUserModel.swift */,
			);
			path = Models;
			sourceTree = "<group>";
		};
		719BB60C2BE4320D00810D37 /* Features */ = {
			isa = PBXGroup;
			children = (
				7115AB6C2C43D04A00DE045E /* Athlete */,
				719BB61D2BE44AB500810D37 /* Common */,
				71D6A4D52BF014A900862DF7 /* Settings */,
				719BB61E2BE44ABF00810D37 /* Main */,
				719BB6152BE44A2700810D37 /* Live */,
				719BB6132BE44A1900810D37 /* Meeting */,
				71135CEB2C4F0ACD00D1DF29 /* Start */,
				719BB6142BE44A1D00810D37 /* User */,
				719BB6122BE44A1400810D37 /* Search */,
				719BB6112BE44A0F00810D37 /* Event */,
			);
			path = Features;
			sourceTree = "<group>";
		};
		719BB60D2BE4321600810D37 /* Resources */ = {
			isa = PBXGroup;
			children = (
				7183D2722BE3D23B000E45B4 /* Assets.xcassets */,
				719E75A42BECE4F200D40154 /* Localizable.xcstrings */,
				7183AC452C70F9DE00926A95 /* testNotification.apns */,
			);
			path = Resources;
			sourceTree = "<group>";
		};
		719BB60E2BE4321F00810D37 /* Utilities */ = {
			isa = PBXGroup;
			children = (
				71E762682C74E62D00074BDD /* Trash */,
				7180182B2BF7BE9F005D817A /* Helpers */,
				719BB62E2BE4F66D00810D37 /* ApiActions.swift */,
				719E759E2BEB82AF00D40154 /* Services.swift */,
				71D6A4D32BEF879E00862DF7 /* Color.swift */,
				711BD1D92BF4DF81004FEA88 /* LogoShape.swift */,
				71B1F0602C6F5F9C007856AD /* UIApplicationIcon.swift */,
				7183AC482C70FDE000926A95 /* CustomAppDelegate.swift */,
			);
			path = Utilities;
			sourceTree = "<group>";
		};
		719BB60F2BE4498500810D37 /* Code */ = {
			isa = PBXGroup;
			children = (
				719BB60C2BE4320D00810D37 /* Features */,
				719BB60E2BE4321F00810D37 /* Utilities */,
			);
			path = Code;
			sourceTree = "<group>";
		};
		719BB6102BE4499F00810D37 /* Config */ = {
			isa = PBXGroup;
			children = (
			);
			path = Config;
			sourceTree = "<group>";
		};
		719BB6112BE44A0F00810D37 /* Event */ = {
			isa = PBXGroup;
			children = (
				719BB6182BE44A4100810D37 /* Actions */,
				719BB6172BE44A3800810D37 /* Models */,
				719BB6162BE44A3000810D37 /* Screens */,
				719BB61A2BE44A4E00810D37 /* ViewModels */,
				719BB6192BE44A4500810D37 /* Views */,
			);
			path = Event;
			sourceTree = "<group>";
		};
		719BB6122BE44A1400810D37 /* Search */ = {
			isa = PBXGroup;
			children = (
				719BB6232BE44DC000810D37 /* Screens */,
				71F6699D2C432DC40018073A /* ViewModels */,
				719BB6262BE44ED600810D37 /* Views */,
			);
			path = Search;
			sourceTree = "<group>";
		};
		719BB6132BE44A1900810D37 /* Meeting */ = {
			isa = PBXGroup;
			children = (
				719BB6302BE4F6AA00810D37 /* Actions */,
				719BB6332BE4F6D400810D37 /* Models */,
				719E75AA2BECF29400D40154 /* Screens */,
				719E75A62BECF1E200D40154 /* ViewModels */,
				719E75A72BECF1F200D40154 /* Views */,
			);
			path = Meeting;
			sourceTree = "<group>";
		};
		719BB6142BE44A1D00810D37 /* User */ = {
			isa = PBXGroup;
			children = (
				7133FA422C425BD700EF9403 /* Actions */,
				7133FA432C425BDE00EF9403 /* Models */,
				7133FA462C425BEE00EF9403 /* Screens */,
				7133FA452C425BE800EF9403 /* ViewModels */,
				7133FA442C425BE500EF9403 /* Views */,
			);
			path = User;
			sourceTree = "<group>";
		};
		719BB6152BE44A2700810D37 /* Live */ = {
			isa = PBXGroup;
			children = (
				712FF5C62C14BBCE008CE2C0 /* ViewModels */,
				713816C52BFA979500E56214 /* Views */,
			);
			path = Live;
			sourceTree = "<group>";
		};
		719BB6162BE44A3000810D37 /* Screens */ = {
			isa = PBXGroup;
			children = (
				719BB61B2BE44A8500810D37 /* EventScreenView.swift */,
			);
			path = Screens;
			sourceTree = "<group>";
		};
		719BB6172BE44A3800810D37 /* Models */ = {
			isa = PBXGroup;
			children = (
				719E759A2BEB785100D40154 /* EventModel.swift */,
				71F864822C559F1D00E51CDF /* EventListInfoModel.swift */,
			);
			path = Models;
			sourceTree = "<group>";
		};
		719BB6182BE44A4100810D37 /* Actions */ = {
			isa = PBXGroup;
			children = (
				719E759C2BEB821200D40154 /* EventActions.swift */,
			);
			path = Actions;
			sourceTree = "<group>";
		};
		719BB6192BE44A4500810D37 /* Views */ = {
			isa = PBXGroup;
			children = (
				719E75A02BEB831600D40154 /* EventListView.swift */,
				71D6A4CF2BEF865400862DF7 /* EventView.swift */,
			);
			path = Views;
			sourceTree = "<group>";
		};
		719BB61A2BE44A4E00810D37 /* ViewModels */ = {
			isa = PBXGroup;
			children = (
				719E75A22BEB832100D40154 /* EventListViewModel.swift */,
				71D6A4D12BEF865F00862DF7 /* EventViewModel.swift */,
			);
			path = ViewModels;
			sourceTree = "<group>";
		};
		719BB61D2BE44AB500810D37 /* Common */ = {
			isa = PBXGroup;
			children = (
				719BB62D2BE4EC4E00810D37 /* Actions */,
				7186576A2C0161E800556C6F /* Models */,
				71D6A4CA2BEF859D00862DF7 /* ViewModels */,
				710FE18C2BE838E000829ACB /* Views */,
			);
			path = Common;
			sourceTree = "<group>";
		};
		719BB61E2BE44ABF00810D37 /* Main */ = {
			isa = PBXGroup;
			children = (
				719BB63D2BE4FBCD00810D37 /* Models */,
				719BB61F2BE44AC300810D37 /* Screens */,
				719BB6382BE4F7A300810D37 /* ViewModels */,
				719BB6202BE44AD000810D37 /* Views */,
			);
			path = Main;
			sourceTree = "<group>";
		};
		719BB61F2BE44AC300810D37 /* Screens */ = {
			isa = PBXGroup;
			children = (
				719BB6362BE4F77B00810D37 /* MainScreenView.swift */,
			);
			path = Screens;
			sourceTree = "<group>";
		};
		719BB6202BE44AD000810D37 /* Views */ = {
			isa = PBXGroup;
			children = (
				719BB6082BE4119000810D37 /* MainView.swift */,
				719BB6212BE44AEA00810D37 /* MainTabItemView.swift */,
				719BB62B2BE455BE00810D37 /* MainMeetingListView.swift */,
			);
			path = Views;
			sourceTree = "<group>";
		};
		719BB6232BE44DC000810D37 /* Screens */ = {
			isa = PBXGroup;
			children = (
				719BB6242BE44DCE00810D37 /* SearchScreenView.swift */,
			);
			path = Screens;
			sourceTree = "<group>";
		};
		719BB6262BE44ED600810D37 /* Views */ = {
			isa = PBXGroup;
			children = (
				719BB6272BE44EEB00810D37 /* SearchView.swift */,
			);
			path = Views;
			sourceTree = "<group>";
		};
		719BB62D2BE4EC4E00810D37 /* Actions */ = {
			isa = PBXGroup;
			children = (
				712FF5C92C14BEDA008CE2C0 /* HeatActions.swift */,
				71F669972C432BC60018073A /* AthleteActions.swift */,
				71135CF12C4F0B5200D1DF29 /* StartActions.swift */,
				71B1F0682C6F8BAB007856AD /* TeamActions.swift */,
				7127CCB42C9E31AA006732DF /* NotificationUserActions.swift */,
			);
			path = Actions;
			sourceTree = "<group>";
		};
		719BB6302BE4F6AA00810D37 /* Actions */ = {
			isa = PBXGroup;
			children = (
				719BB6312BE4F6BA00810D37 /* MeetingActions.swift */,
			);
			path = Actions;
			sourceTree = "<group>";
		};
		719BB6332BE4F6D400810D37 /* Models */ = {
			isa = PBXGroup;
			children = (
				719BB6342BE4F6F300810D37 /* MeetingModel.swift */,
			);
			path = Models;
			sourceTree = "<group>";
		};
		719BB6382BE4F7A300810D37 /* ViewModels */ = {
			isa = PBXGroup;
			children = (
				719BB6392BE4F7B500810D37 /* MainViewModel.swift */,
				719BB63B2BE4FACE00810D37 /* MainMeetingListViewModel.swift */,
			);
			path = ViewModels;
			sourceTree = "<group>";
		};
		719BB63D2BE4FBCD00810D37 /* Models */ = {
			isa = PBXGroup;
			children = (
				719BB63E2BE4FBDC00810D37 /* MeetingListModel.swift */,
			);
			path = Models;
			sourceTree = "<group>";
		};
		719E75A62BECF1E200D40154 /* ViewModels */ = {
			isa = PBXGroup;
			children = (
				71B1F0662C6F8A69007856AD /* MeetingViewModel.swift */,
			);
			path = ViewModels;
			sourceTree = "<group>";
		};
		719E75A72BECF1F200D40154 /* Views */ = {
			isa = PBXGroup;
			children = (
				719E75A82BECF20600D40154 /* MeetingView.swift */,
				71B1F06F2C6FB378007856AD /* MeetingLocationMapView.swift */,
			);
			path = Views;
			sourceTree = "<group>";
		};
		719E75AA2BECF29400D40154 /* Screens */ = {
			isa = PBXGroup;
			children = (
				719E75AB2BECF2A700D40154 /* MeetingScreenView.swift */,
			);
			path = Screens;
			sourceTree = "<group>";
		};
		71B1F06C2C6F9034007856AD /* Frameworks */ = {
			isa = PBXGroup;
			children = (
				71B1F06D2C6F9034007856AD /* CoreLocation.framework */,
			);
			name = Frameworks;
			sourceTree = "<group>";
		};
		71D6A4CA2BEF859D00862DF7 /* ViewModels */ = {
			isa = PBXGroup;
			children = (
			);
			path = ViewModels;
			sourceTree = "<group>";
		};
		71D6A4D52BF014A900862DF7 /* Settings */ = {
			isa = PBXGroup;
			children = (
				71D6A4D82BF014C600862DF7 /* Screens */,
				71D6A4D72BF014BE00862DF7 /* ViewModels */,
				71D6A4D62BF014B600862DF7 /* Views */,
			);
			path = Settings;
			sourceTree = "<group>";
		};
		71D6A4D62BF014B600862DF7 /* Views */ = {
			isa = PBXGroup;
			children = (
				71D6A4DB2BF014E500862DF7 /* SettingsView.swift */,
				71135CF92C4FC4A200D1DF29 /* AdvancedSettingsView.swift */,
				71B1F05E2C6F4C75007856AD /* AppIconSettingsView.swift */,
				71B1F0642C6F8169007856AD /* AppearanceSettingsView.swift */,
				7183AC432C70F38500926A95 /* NotificationSettingsView.swift */,
				713AF77C2CB3D805003483F9 /* TestLoginView.swift */,
			);
			path = Views;
			sourceTree = "<group>";
		};
		71D6A4D72BF014BE00862DF7 /* ViewModels */ = {
			isa = PBXGroup;
			children = (
			);
			path = ViewModels;
			sourceTree = "<group>";
		};
		71D6A4D82BF014C600862DF7 /* Screens */ = {
			isa = PBXGroup;
			children = (
				71D6A4D92BF014D900862DF7 /* SettingsScreenView.swift */,
			);
			path = Screens;
			sourceTree = "<group>";
		};
		71E762682C74E62D00074BDD /* Trash */ = {
			isa = PBXGroup;
			children = (
				71E7626B2C74E66000074BDD /* MyMainView.swift */,
			);
			path = Trash;
			sourceTree = "<group>";
		};
		71F6699D2C432DC40018073A /* ViewModels */ = {
			isa = PBXGroup;
			children = (
				71F6699E2C432DD90018073A /* SearchViewModel.swift */,
			);
			path = ViewModels;
			sourceTree = "<group>";
		};
/* End PBXGroup section */

/* Begin PBXNativeTarget section */
		7183D26A2BE3D238000E45B4 /* SwimResults */ = {
			isa = PBXNativeTarget;
			buildConfigurationList = 7183D28F2BE3D23B000E45B4 /* Build configuration list for PBXNativeTarget "SwimResults" */;
			buildPhases = (
				7183D2672BE3D238000E45B4 /* Sources */,
				7183D2682BE3D238000E45B4 /* Frameworks */,
				7183D2692BE3D238000E45B4 /* Resources */,
			);
			buildRules = (
			);
			dependencies = (
			);
			name = SwimResults;
			packageProductDependencies = (
				713AF77F2CB3E0AC003483F9 /* AppAuth */,
				713AF7812CB3E0AC003483F9 /* AppAuthCore */,
			);
			productName = SwimResults;
			productReference = 7183D26B2BE3D238000E45B4 /* SwimResults.app */;
			productType = "com.apple.product-type.application";
		};
		7183D27A2BE3D23B000E45B4 /* SwimResultsTests */ = {
			isa = PBXNativeTarget;
			buildConfigurationList = 7183D2922BE3D23B000E45B4 /* Build configuration list for PBXNativeTarget "SwimResultsTests" */;
			buildPhases = (
				7183D2772BE3D23B000E45B4 /* Sources */,
				7183D2782BE3D23B000E45B4 /* Frameworks */,
				7183D2792BE3D23B000E45B4 /* Resources */,
			);
			buildRules = (
			);
			dependencies = (
				7183D27D2BE3D23B000E45B4 /* PBXTargetDependency */,
			);
			name = SwimResultsTests;
			productName = SwimResultsTests;
			productReference = 7183D27B2BE3D23B000E45B4 /* SwimResultsTests.xctest */;
			productType = "com.apple.product-type.bundle.unit-test";
		};
		7183D2842BE3D23B000E45B4 /* SwimResultsUITests */ = {
			isa = PBXNativeTarget;
			buildConfigurationList = 7183D2952BE3D23B000E45B4 /* Build configuration list for PBXNativeTarget "SwimResultsUITests" */;
			buildPhases = (
				7183D2812BE3D23B000E45B4 /* Sources */,
				7183D2822BE3D23B000E45B4 /* Frameworks */,
				7183D2832BE3D23B000E45B4 /* Resources */,
			);
			buildRules = (
			);
			dependencies = (
				7183D2872BE3D23B000E45B4 /* PBXTargetDependency */,
			);
			name = SwimResultsUITests;
			productName = SwimResultsUITests;
			productReference = 7183D2852BE3D23B000E45B4 /* SwimResultsUITests.xctest */;
			productType = "com.apple.product-type.bundle.ui-testing";
		};
/* End PBXNativeTarget section */

/* Begin PBXProject section */
		7183D2632BE3D238000E45B4 /* Project object */ = {
			isa = PBXProject;
			attributes = {
				BuildIndependentTargetsInParallel = 1;
				LastSwiftUpdateCheck = 1520;
				LastUpgradeCheck = 1520;
				TargetAttributes = {
					7183D26A2BE3D238000E45B4 = {
						CreatedOnToolsVersion = 15.2;
					};
					7183D27A2BE3D23B000E45B4 = {
						CreatedOnToolsVersion = 15.2;
						TestTargetID = 7183D26A2BE3D238000E45B4;
					};
					7183D2842BE3D23B000E45B4 = {
						CreatedOnToolsVersion = 15.2;
						TestTargetID = 7183D26A2BE3D238000E45B4;
					};
				};
			};
			buildConfigurationList = 7183D2662BE3D238000E45B4 /* Build configuration list for PBXProject "SwimResults" */;
			compatibilityVersion = "Xcode 14.0";
			developmentRegion = de;
			hasScannedForEncodings = 0;
			knownRegions = (
				en,
				Base,
				de,
			);
			mainGroup = 7183D2622BE3D238000E45B4;
			packageReferences = (
				713AF77E2CB3E0AC003483F9 /* XCRemoteSwiftPackageReference "AppAuth-iOS" */,
			);
			productRefGroup = 7183D26C2BE3D238000E45B4 /* Products */;
			projectDirPath = "";
			projectRoot = "";
			targets = (
				7183D26A2BE3D238000E45B4 /* SwimResults */,
				7183D27A2BE3D23B000E45B4 /* SwimResultsTests */,
				7183D2842BE3D23B000E45B4 /* SwimResultsUITests */,
			);
		};
/* End PBXProject section */

/* Begin PBXResourcesBuildPhase section */
		7183D2692BE3D238000E45B4 /* Resources */ = {
			isa = PBXResourcesBuildPhase;
			buildActionMask = 2147483647;
			files = (
				7183AC462C70F9DE00926A95 /* testNotification.apns in Resources */,
				7183D2762BE3D23B000E45B4 /* Preview Assets.xcassets in Resources */,
				7183D2732BE3D23B000E45B4 /* Assets.xcassets in Resources */,
				719E75A52BECE4F200D40154 /* Localizable.xcstrings in Resources */,
			);
			runOnlyForDeploymentPostprocessing = 0;
		};
		7183D2792BE3D23B000E45B4 /* Resources */ = {
			isa = PBXResourcesBuildPhase;
			buildActionMask = 2147483647;
			files = (
			);
			runOnlyForDeploymentPostprocessing = 0;
		};
		7183D2832BE3D23B000E45B4 /* Resources */ = {
			isa = PBXResourcesBuildPhase;
			buildActionMask = 2147483647;
			files = (
			);
			runOnlyForDeploymentPostprocessing = 0;
		};
/* End PBXResourcesBuildPhase section */

/* Begin PBXSourcesBuildPhase section */
		7183D2672BE3D238000E45B4 /* Sources */ = {
			isa = PBXSourcesBuildPhase;
			buildActionMask = 2147483647;
			files = (
				719BB61C2BE44A8500810D37 /* EventScreenView.swift in Sources */,
				71135CF62C4F0BB800D1DF29 /* StartView.swift in Sources */,
				71B1F0612C6F5F9C007856AD /* UIApplicationIcon.swift in Sources */,
				71D6A4CC2BEF85B200862DF7 /* StartListView.swift in Sources */,
				71135CF42C4F0BB200D1DF29 /* StartViewScreen.swift in Sources */,
				71B1F0652C6F8169007856AD /* AppearanceSettingsView.swift in Sources */,
				719BB6322BE4F6BA00810D37 /* MeetingActions.swift in Sources */,
				719BB62C2BE455BE00810D37 /* MainMeetingListView.swift in Sources */,
				719BB6352BE4F6F300810D37 /* MeetingModel.swift in Sources */,
				719BB63C2BE4FACE00810D37 /* MainMeetingListViewModel.swift in Sources */,
				71F6699F2C432DD90018073A /* SearchViewModel.swift in Sources */,
				712FF5C82C14BBDF008CE2C0 /* LiveBarViewModel.swift in Sources */,
				7183AC442C70F38500926A95 /* NotificationSettingsView.swift in Sources */,
				710FE18E2BE838F400829ACB /* SpinnerView.swift in Sources */,
				7186576C2C0161F800556C6F /* StartModel.swift in Sources */,
				71F669982C432BC60018073A /* AthleteActions.swift in Sources */,
				71135CF82C4F0BC000D1DF29 /* StartViewModel.swift in Sources */,
				719E759D2BEB821200D40154 /* EventActions.swift in Sources */,
				719E759F2BEB82AF00D40154 /* Services.swift in Sources */,
				71B1F05D2C6EC346007856AD /* StartListEntryViewModel.swift in Sources */,
				71D6A4D02BEF865400862DF7 /* EventView.swift in Sources */,
				71D6A4CE2BEF85BB00862DF7 /* StartListViewModel.swift in Sources */,
				71B1F0692C6F8BAB007856AD /* TeamActions.swift in Sources */,
				7133FA4A2C425C3C00EF9403 /* UserView.swift in Sources */,
				719E75A12BEB831600D40154 /* EventListView.swift in Sources */,
				719BB63A2BE4F7B500810D37 /* MainViewModel.swift in Sources */,
				712044AD2C1B2DD600818D2B /* DisqualificationModel.swift in Sources */,
				71B1F05F2C6F4C75007856AD /* AppIconSettingsView.swift in Sources */,
				71B1F0672C6F8A69007856AD /* MeetingViewModel.swift in Sources */,
				7186576E2C0161FF00556C6F /* HeatModel.swift in Sources */,
				719BB6092BE4119000810D37 /* MainView.swift in Sources */,
				71F6699A2C432BD30018073A /* AthleteModel.swift in Sources */,
				719BB6222BE44AEA00810D37 /* MainTabItemView.swift in Sources */,
				71F864832C559F1D00E51CDF /* EventListInfoModel.swift in Sources */,
				719BB6372BE4F77B00810D37 /* MainScreenView.swift in Sources */,
				7115AB732C43D09100DE045E /* AthleteView.swift in Sources */,
				7180182D2BF7BEB7005D817A /* BottomSheetHelper.swift in Sources */,
				7183D26F2BE3D238000E45B4 /* SwimResultsApp.swift in Sources */,
				71B1F0702C6FB378007856AD /* MeetingLocationMapView.swift in Sources */,
				7127CCB52C9E31AA006732DF /* NotificationUserActions.swift in Sources */,
				71F864812C52888D00E51CDF /* StartListConfig.swift in Sources */,
				71F8647F2C52881200E51CDF /* StartListEntryView.swift in Sources */,
				7183AC492C70FDE000926A95 /* CustomAppDelegate.swift in Sources */,
				71D6A4D42BEF879E00862DF7 /* Color.swift in Sources */,
				71D6A4DC2BF014E500862DF7 /* SettingsView.swift in Sources */,
				713816C72BFA97A800E56214 /* LiveView.swift in Sources */,
				7133FA482C425C3100EF9403 /* UserScreenView.swift in Sources */,
				719BB62F2BE4F66D00810D37 /* ApiActions.swift in Sources */,
				713AF77D2CB3D805003483F9 /* TestLoginView.swift in Sources */,
				71E7626C2C74E66000074BDD /* MyMainView.swift in Sources */,
				7127CCB72C9E32C3006732DF /* NotificationUserModel.swift in Sources */,
				71F6699C2C432BD90018073A /* TeamModel.swift in Sources */,
				71D6A4DA2BF014D900862DF7 /* SettingsScreenView.swift in Sources */,
				719BB6282BE44EEB00810D37 /* SearchView.swift in Sources */,
				711BD1DA2BF4DF81004FEA88 /* LogoShape.swift in Sources */,
				71B1F06B2C6F8EFB007856AD /* LocationModel.swift in Sources */,
				719BB63F2BE4FBDC00810D37 /* MeetingListModel.swift in Sources */,
				719E75A32BEB832100D40154 /* EventListViewModel.swift in Sources */,
				719E759B2BEB785100D40154 /* EventModel.swift in Sources */,
				712FF5C52C14BA95008CE2C0 /* LiveBarView.swift in Sources */,
				712044AB2C1B2CE700818D2B /* ResultModel.swift in Sources */,
				71B9721A2C90936A00E1E73C /* AgeGroupModel.swift in Sources */,
				7115AB752C43D0E800DE045E /* AthleteViewModel.swift in Sources */,
				71B9721C2C9094BD00E1E73C /* EventStartResultRequestDto.swift in Sources */,
				719BB6252BE44DCE00810D37 /* SearchScreenView.swift in Sources */,
				71D6A4D22BEF865F00862DF7 /* EventViewModel.swift in Sources */,
				71135CF22C4F0B5200D1DF29 /* StartActions.swift in Sources */,
				719E75AC2BECF2A700D40154 /* MeetingScreenView.swift in Sources */,
				712FF5CA2C14BEDA008CE2C0 /* HeatActions.swift in Sources */,
				719E75A92BECF20600D40154 /* MeetingView.swift in Sources */,
				71135CFA2C4FC4A200D1DF29 /* AdvancedSettingsView.swift in Sources */,
			);
			runOnlyForDeploymentPostprocessing = 0;
		};
		7183D2772BE3D23B000E45B4 /* Sources */ = {
			isa = PBXSourcesBuildPhase;
			buildActionMask = 2147483647;
			files = (
				7183D2802BE3D23B000E45B4 /* SwimResultsTests.swift in Sources */,
			);
			runOnlyForDeploymentPostprocessing = 0;
		};
		7183D2812BE3D23B000E45B4 /* Sources */ = {
			isa = PBXSourcesBuildPhase;
			buildActionMask = 2147483647;
			files = (
				7183D28A2BE3D23B000E45B4 /* SwimResultsUITests.swift in Sources */,
				7183D28C2BE3D23B000E45B4 /* SwimResultsUITestsLaunchTests.swift in Sources */,
			);
			runOnlyForDeploymentPostprocessing = 0;
		};
/* End PBXSourcesBuildPhase section */

/* Begin PBXTargetDependency section */
		7183D27D2BE3D23B000E45B4 /* PBXTargetDependency */ = {
			isa = PBXTargetDependency;
			target = 7183D26A2BE3D238000E45B4 /* SwimResults */;
			targetProxy = 7183D27C2BE3D23B000E45B4 /* PBXContainerItemProxy */;
		};
		7183D2872BE3D23B000E45B4 /* PBXTargetDependency */ = {
			isa = PBXTargetDependency;
			target = 7183D26A2BE3D238000E45B4 /* SwimResults */;
			targetProxy = 7183D2862BE3D23B000E45B4 /* PBXContainerItemProxy */;
		};
/* End PBXTargetDependency section */

/* Begin XCBuildConfiguration section */
		7183D28D2BE3D23B000E45B4 /* Debug */ = {
			isa = XCBuildConfiguration;
			buildSettings = {
				ALWAYS_SEARCH_USER_PATHS = NO;
				ASSETCATALOG_COMPILER_GENERATE_SWIFT_ASSET_SYMBOL_EXTENSIONS = YES;
				CLANG_ANALYZER_NONNULL = YES;
				CLANG_ANALYZER_NUMBER_OBJECT_CONVERSION = YES_AGGRESSIVE;
				CLANG_CXX_LANGUAGE_STANDARD = "gnu++20";
				CLANG_ENABLE_MODULES = YES;
				CLANG_ENABLE_OBJC_ARC = YES;
				CLANG_ENABLE_OBJC_WEAK = YES;
				CLANG_WARN_BLOCK_CAPTURE_AUTORELEASING = YES;
				CLANG_WARN_BOOL_CONVERSION = YES;
				CLANG_WARN_COMMA = YES;
				CLANG_WARN_CONSTANT_CONVERSION = YES;
				CLANG_WARN_DEPRECATED_OBJC_IMPLEMENTATIONS = YES;
				CLANG_WARN_DIRECT_OBJC_ISA_USAGE = YES_ERROR;
				CLANG_WARN_DOCUMENTATION_COMMENTS = YES;
				CLANG_WARN_EMPTY_BODY = YES;
				CLANG_WARN_ENUM_CONVERSION = YES;
				CLANG_WARN_INFINITE_RECURSION = YES;
				CLANG_WARN_INT_CONVERSION = YES;
				CLANG_WARN_NON_LITERAL_NULL_CONVERSION = YES;
				CLANG_WARN_OBJC_IMPLICIT_RETAIN_SELF = YES;
				CLANG_WARN_OBJC_LITERAL_CONVERSION = YES;
				CLANG_WARN_OBJC_ROOT_CLASS = YES_ERROR;
				CLANG_WARN_QUOTED_INCLUDE_IN_FRAMEWORK_HEADER = YES;
				CLANG_WARN_RANGE_LOOP_ANALYSIS = YES;
				CLANG_WARN_STRICT_PROTOTYPES = YES;
				CLANG_WARN_SUSPICIOUS_MOVE = YES;
				CLANG_WARN_UNGUARDED_AVAILABILITY = YES_AGGRESSIVE;
				CLANG_WARN_UNREACHABLE_CODE = YES;
				CLANG_WARN__DUPLICATE_METHOD_MATCH = YES;
				COPY_PHASE_STRIP = NO;
				DEBUG_INFORMATION_FORMAT = dwarf;
				ENABLE_STRICT_OBJC_MSGSEND = YES;
				ENABLE_TESTABILITY = YES;
				ENABLE_USER_SCRIPT_SANDBOXING = YES;
				GCC_C_LANGUAGE_STANDARD = gnu17;
				GCC_DYNAMIC_NO_PIC = NO;
				GCC_NO_COMMON_BLOCKS = YES;
				GCC_OPTIMIZATION_LEVEL = 0;
				GCC_PREPROCESSOR_DEFINITIONS = (
					"DEBUG=1",
					"$(inherited)",
				);
				GCC_WARN_64_TO_32_BIT_CONVERSION = YES;
				GCC_WARN_ABOUT_RETURN_TYPE = YES_ERROR;
				GCC_WARN_UNDECLARED_SELECTOR = YES;
				GCC_WARN_UNINITIALIZED_AUTOS = YES_AGGRESSIVE;
				GCC_WARN_UNUSED_FUNCTION = YES;
				GCC_WARN_UNUSED_VARIABLE = YES;
				IPHONEOS_DEPLOYMENT_TARGET = 17.2;
				LOCALIZATION_PREFERS_STRING_CATALOGS = YES;
				MTL_ENABLE_DEBUG_INFO = INCLUDE_SOURCE;
				MTL_FAST_MATH = YES;
				ONLY_ACTIVE_ARCH = YES;
				SDKROOT = iphoneos;
				SWIFT_ACTIVE_COMPILATION_CONDITIONS = "DEBUG $(inherited)";
				SWIFT_OPTIMIZATION_LEVEL = "-Onone";
			};
			name = Debug;
		};
		7183D28E2BE3D23B000E45B4 /* Release */ = {
			isa = XCBuildConfiguration;
			buildSettings = {
				ALWAYS_SEARCH_USER_PATHS = NO;
				ASSETCATALOG_COMPILER_GENERATE_SWIFT_ASSET_SYMBOL_EXTENSIONS = YES;
				CLANG_ANALYZER_NONNULL = YES;
				CLANG_ANALYZER_NUMBER_OBJECT_CONVERSION = YES_AGGRESSIVE;
				CLANG_CXX_LANGUAGE_STANDARD = "gnu++20";
				CLANG_ENABLE_MODULES = YES;
				CLANG_ENABLE_OBJC_ARC = YES;
				CLANG_ENABLE_OBJC_WEAK = YES;
				CLANG_WARN_BLOCK_CAPTURE_AUTORELEASING = YES;
				CLANG_WARN_BOOL_CONVERSION = YES;
				CLANG_WARN_COMMA = YES;
				CLANG_WARN_CONSTANT_CONVERSION = YES;
				CLANG_WARN_DEPRECATED_OBJC_IMPLEMENTATIONS = YES;
				CLANG_WARN_DIRECT_OBJC_ISA_USAGE = YES_ERROR;
				CLANG_WARN_DOCUMENTATION_COMMENTS = YES;
				CLANG_WARN_EMPTY_BODY = YES;
				CLANG_WARN_ENUM_CONVERSION = YES;
				CLANG_WARN_INFINITE_RECURSION = YES;
				CLANG_WARN_INT_CONVERSION = YES;
				CLANG_WARN_NON_LITERAL_NULL_CONVERSION = YES;
				CLANG_WARN_OBJC_IMPLICIT_RETAIN_SELF = YES;
				CLANG_WARN_OBJC_LITERAL_CONVERSION = YES;
				CLANG_WARN_OBJC_ROOT_CLASS = YES_ERROR;
				CLANG_WARN_QUOTED_INCLUDE_IN_FRAMEWORK_HEADER = YES;
				CLANG_WARN_RANGE_LOOP_ANALYSIS = YES;
				CLANG_WARN_STRICT_PROTOTYPES = YES;
				CLANG_WARN_SUSPICIOUS_MOVE = YES;
				CLANG_WARN_UNGUARDED_AVAILABILITY = YES_AGGRESSIVE;
				CLANG_WARN_UNREACHABLE_CODE = YES;
				CLANG_WARN__DUPLICATE_METHOD_MATCH = YES;
				COPY_PHASE_STRIP = NO;
				DEBUG_INFORMATION_FORMAT = "dwarf-with-dsym";
				ENABLE_NS_ASSERTIONS = NO;
				ENABLE_STRICT_OBJC_MSGSEND = YES;
				ENABLE_USER_SCRIPT_SANDBOXING = YES;
				GCC_C_LANGUAGE_STANDARD = gnu17;
				GCC_NO_COMMON_BLOCKS = YES;
				GCC_WARN_64_TO_32_BIT_CONVERSION = YES;
				GCC_WARN_ABOUT_RETURN_TYPE = YES_ERROR;
				GCC_WARN_UNDECLARED_SELECTOR = YES;
				GCC_WARN_UNINITIALIZED_AUTOS = YES_AGGRESSIVE;
				GCC_WARN_UNUSED_FUNCTION = YES;
				GCC_WARN_UNUSED_VARIABLE = YES;
				IPHONEOS_DEPLOYMENT_TARGET = 17.2;
				LOCALIZATION_PREFERS_STRING_CATALOGS = YES;
				MTL_ENABLE_DEBUG_INFO = NO;
				MTL_FAST_MATH = YES;
				SDKROOT = iphoneos;
				SWIFT_COMPILATION_MODE = wholemodule;
				VALIDATE_PRODUCT = YES;
			};
			name = Release;
		};
		7183D2902BE3D23B000E45B4 /* Debug */ = {
			isa = XCBuildConfiguration;
			buildSettings = {
				ASSETCATALOG_COMPILER_APPICON_NAME = "AppIcon Dark Shadowed";
				ASSETCATALOG_COMPILER_GLOBAL_ACCENT_COLOR_NAME = AccentColor;
				ASSETCATALOG_COMPILER_INCLUDE_ALL_APPICON_ASSETS = YES;
				CODE_SIGN_ENTITLEMENTS = SwimResults/SwimResults.entitlements;
				CODE_SIGN_STYLE = Automatic;
				CURRENT_PROJECT_VERSION = 1;
				DEVELOPMENT_ASSET_PATHS = "\"SwimResults/Preview Content\"";
				DEVELOPMENT_TEAM = LZS9NKKU7K;
				ENABLE_PREVIEWS = YES;
				GENERATE_INFOPLIST_FILE = YES;
				INFOPLIST_FILE = SwimResults/Info.plist;
				INFOPLIST_KEY_CFBundleDisplayName = SwimResults;
				INFOPLIST_KEY_LSApplicationCategoryType = "public.app-category.sports";
				INFOPLIST_KEY_UIApplicationSceneManifest_Generation = YES;
				INFOPLIST_KEY_UIApplicationSupportsIndirectInputEvents = YES;
				INFOPLIST_KEY_UILaunchScreen_Generation = YES;
				INFOPLIST_KEY_UIStatusBarStyle = "";
				INFOPLIST_KEY_UISupportedInterfaceOrientations = "UIInterfaceOrientationLandscapeLeft UIInterfaceOrientationLandscapeRight UIInterfaceOrientationPortrait";
				INFOPLIST_KEY_UISupportedInterfaceOrientations_iPad = "UIInterfaceOrientationLandscapeLeft UIInterfaceOrientationLandscapeRight UIInterfaceOrientationPortrait UIInterfaceOrientationPortraitUpsideDown";
				IPHONEOS_DEPLOYMENT_TARGET = 17.0;
				LD_RUNPATH_SEARCH_PATHS = (
					"$(inherited)",
					"@executable_path/Frameworks",
				);
				MARKETING_VERSION = 1.7;
				PRODUCT_BUNDLE_IDENTIFIER = de.logilutions.SwimResults;
				PRODUCT_NAME = "$(TARGET_NAME)";
				SWIFT_EMIT_LOC_STRINGS = YES;
				SWIFT_VERSION = 5.0;
				TARGETED_DEVICE_FAMILY = "1,2";
			};
			name = Debug;
		};
		7183D2912BE3D23B000E45B4 /* Release */ = {
			isa = XCBuildConfiguration;
			buildSettings = {
				ASSETCATALOG_COMPILER_APPICON_NAME = "AppIcon Dark Shadowed";
				ASSETCATALOG_COMPILER_GLOBAL_ACCENT_COLOR_NAME = AccentColor;
				ASSETCATALOG_COMPILER_INCLUDE_ALL_APPICON_ASSETS = YES;
				CODE_SIGN_ENTITLEMENTS = SwimResults/SwimResults.entitlements;
				CODE_SIGN_STYLE = Automatic;
				CURRENT_PROJECT_VERSION = 1;
				DEVELOPMENT_ASSET_PATHS = "\"SwimResults/Preview Content\"";
				DEVELOPMENT_TEAM = LZS9NKKU7K;
				ENABLE_PREVIEWS = YES;
				GENERATE_INFOPLIST_FILE = YES;
				INFOPLIST_FILE = SwimResults/Info.plist;
				INFOPLIST_KEY_CFBundleDisplayName = SwimResults;
				INFOPLIST_KEY_LSApplicationCategoryType = "public.app-category.sports";
				INFOPLIST_KEY_UIApplicationSceneManifest_Generation = YES;
				INFOPLIST_KEY_UIApplicationSupportsIndirectInputEvents = YES;
				INFOPLIST_KEY_UILaunchScreen_Generation = YES;
				INFOPLIST_KEY_UIStatusBarStyle = "";
				INFOPLIST_KEY_UISupportedInterfaceOrientations = "UIInterfaceOrientationLandscapeLeft UIInterfaceOrientationLandscapeRight UIInterfaceOrientationPortrait";
				INFOPLIST_KEY_UISupportedInterfaceOrientations_iPad = "UIInterfaceOrientationLandscapeLeft UIInterfaceOrientationLandscapeRight UIInterfaceOrientationPortrait UIInterfaceOrientationPortraitUpsideDown";
				IPHONEOS_DEPLOYMENT_TARGET = 17.0;
				LD_RUNPATH_SEARCH_PATHS = (
					"$(inherited)",
					"@executable_path/Frameworks",
				);
				MARKETING_VERSION = 1.7;
				PRODUCT_BUNDLE_IDENTIFIER = de.logilutions.SwimResults;
				PRODUCT_NAME = "$(TARGET_NAME)";
				SWIFT_EMIT_LOC_STRINGS = YES;
				SWIFT_VERSION = 5.0;
				TARGETED_DEVICE_FAMILY = "1,2";
			};
			name = Release;
		};
		7183D2932BE3D23B000E45B4 /* Debug */ = {
			isa = XCBuildConfiguration;
			buildSettings = {
				ALWAYS_EMBED_SWIFT_STANDARD_LIBRARIES = YES;
				BUNDLE_LOADER = "$(TEST_HOST)";
				CODE_SIGN_STYLE = Automatic;
				CURRENT_PROJECT_VERSION = 1;
				DEVELOPMENT_TEAM = SG4L7BTZYG;
				GENERATE_INFOPLIST_FILE = YES;
				IPHONEOS_DEPLOYMENT_TARGET = 17.2;
				MARKETING_VERSION = 1.0;
				PRODUCT_BUNDLE_IDENTIFIER = de.logilutions.SwimResultsTests;
				PRODUCT_NAME = "$(TARGET_NAME)";
				SWIFT_EMIT_LOC_STRINGS = NO;
				SWIFT_VERSION = 5.0;
				TARGETED_DEVICE_FAMILY = "1,2";
				TEST_HOST = "$(BUILT_PRODUCTS_DIR)/SwimResults.app/$(BUNDLE_EXECUTABLE_FOLDER_PATH)/SwimResults";
			};
			name = Debug;
		};
		7183D2942BE3D23B000E45B4 /* Release */ = {
			isa = XCBuildConfiguration;
			buildSettings = {
				ALWAYS_EMBED_SWIFT_STANDARD_LIBRARIES = YES;
				BUNDLE_LOADER = "$(TEST_HOST)";
				CODE_SIGN_STYLE = Automatic;
				CURRENT_PROJECT_VERSION = 1;
				DEVELOPMENT_TEAM = SG4L7BTZYG;
				GENERATE_INFOPLIST_FILE = YES;
				IPHONEOS_DEPLOYMENT_TARGET = 17.2;
				MARKETING_VERSION = 1.0;
				PRODUCT_BUNDLE_IDENTIFIER = de.logilutions.SwimResultsTests;
				PRODUCT_NAME = "$(TARGET_NAME)";
				SWIFT_EMIT_LOC_STRINGS = NO;
				SWIFT_VERSION = 5.0;
				TARGETED_DEVICE_FAMILY = "1,2";
				TEST_HOST = "$(BUILT_PRODUCTS_DIR)/SwimResults.app/$(BUNDLE_EXECUTABLE_FOLDER_PATH)/SwimResults";
			};
			name = Release;
		};
		7183D2962BE3D23B000E45B4 /* Debug */ = {
			isa = XCBuildConfiguration;
			buildSettings = {
				ALWAYS_EMBED_SWIFT_STANDARD_LIBRARIES = YES;
				CODE_SIGN_STYLE = Automatic;
				CURRENT_PROJECT_VERSION = 1;
				DEVELOPMENT_TEAM = SG4L7BTZYG;
				GENERATE_INFOPLIST_FILE = YES;
				MARKETING_VERSION = 1.0;
				PRODUCT_BUNDLE_IDENTIFIER = de.logilutions.SwimResultsUITests;
				PRODUCT_NAME = "$(TARGET_NAME)";
				SWIFT_EMIT_LOC_STRINGS = NO;
				SWIFT_VERSION = 5.0;
				TARGETED_DEVICE_FAMILY = "1,2";
				TEST_TARGET_NAME = SwimResults;
			};
			name = Debug;
		};
		7183D2972BE3D23B000E45B4 /* Release */ = {
			isa = XCBuildConfiguration;
			buildSettings = {
				ALWAYS_EMBED_SWIFT_STANDARD_LIBRARIES = YES;
				CODE_SIGN_STYLE = Automatic;
				CURRENT_PROJECT_VERSION = 1;
				DEVELOPMENT_TEAM = SG4L7BTZYG;
				GENERATE_INFOPLIST_FILE = YES;
				MARKETING_VERSION = 1.0;
				PRODUCT_BUNDLE_IDENTIFIER = de.logilutions.SwimResultsUITests;
				PRODUCT_NAME = "$(TARGET_NAME)";
				SWIFT_EMIT_LOC_STRINGS = NO;
				SWIFT_VERSION = 5.0;
				TARGETED_DEVICE_FAMILY = "1,2";
				TEST_TARGET_NAME = SwimResults;
			};
			name = Release;
		};
/* End XCBuildConfiguration section */

/* Begin XCConfigurationList section */
		7183D2662BE3D238000E45B4 /* Build configuration list for PBXProject "SwimResults" */ = {
			isa = XCConfigurationList;
			buildConfigurations = (
				7183D28D2BE3D23B000E45B4 /* Debug */,
				7183D28E2BE3D23B000E45B4 /* Release */,
			);
			defaultConfigurationIsVisible = 0;
			defaultConfigurationName = Release;
		};
		7183D28F2BE3D23B000E45B4 /* Build configuration list for PBXNativeTarget "SwimResults" */ = {
			isa = XCConfigurationList;
			buildConfigurations = (
				7183D2902BE3D23B000E45B4 /* Debug */,
				7183D2912BE3D23B000E45B4 /* Release */,
			);
			defaultConfigurationIsVisible = 0;
			defaultConfigurationName = Release;
		};
		7183D2922BE3D23B000E45B4 /* Build configuration list for PBXNativeTarget "SwimResultsTests" */ = {
			isa = XCConfigurationList;
			buildConfigurations = (
				7183D2932BE3D23B000E45B4 /* Debug */,
				7183D2942BE3D23B000E45B4 /* Release */,
			);
			defaultConfigurationIsVisible = 0;
			defaultConfigurationName = Release;
		};
		7183D2952BE3D23B000E45B4 /* Build configuration list for PBXNativeTarget "SwimResultsUITests" */ = {
			isa = XCConfigurationList;
			buildConfigurations = (
				7183D2962BE3D23B000E45B4 /* Debug */,
				7183D2972BE3D23B000E45B4 /* Release */,
			);
			defaultConfigurationIsVisible = 0;
			defaultConfigurationName = Release;
		};
/* End XCConfigurationList section */

/* Begin XCRemoteSwiftPackageReference section */
		713AF77E2CB3E0AC003483F9 /* XCRemoteSwiftPackageReference "AppAuth-iOS" */ = {
			isa = XCRemoteSwiftPackageReference;
			repositoryURL = "https://github.com/openid/AppAuth-iOS";
			requirement = {
				kind = upToNextMinorVersion;
				minimumVersion = 1.7.5;
			};
		};
/* End XCRemoteSwiftPackageReference section */

/* Begin XCSwiftPackageProductDependency section */
		713AF77F2CB3E0AC003483F9 /* AppAuth */ = {
			isa = XCSwiftPackageProductDependency;
			package = 713AF77E2CB3E0AC003483F9 /* XCRemoteSwiftPackageReference "AppAuth-iOS" */;
			productName = AppAuth;
		};
		713AF7812CB3E0AC003483F9 /* AppAuthCore */ = {
			isa = XCSwiftPackageProductDependency;
			package = 713AF77E2CB3E0AC003483F9 /* XCRemoteSwiftPackageReference "AppAuth-iOS" */;
			productName = AppAuthCore;
		};
/* End XCSwiftPackageProductDependency section */
	};
	rootObject = 7183D2632BE3D238000E45B4 /* Project object */;
}
